
Microsoft Visual Studio Solution File, Format Version 12.00
# Visual Studio Version 17
VisualStudioVersion = 17.10.35122.118
MinimumVisualStudioVersion = 10.0.40219.1
Project("{2150E333-8FDC-42A3-9474-1A3956D46DE8}") = "Sherlog", "Sherlog", "{5BAFDDD4-9388-4E43-8CBB-C648243AE78F}"
EndProject
Project("{9A19103F-16F7-4668-BE54-9A1E7A4F7556}") = "Sherlog", "src\Sherlog\Sherlog.csproj", "{5E53385B-6709-4DE3-BD63-44C7C6506189}"
EndProject
Project("{9A19103F-16F7-4668-BE54-9A1E7A4F7556}") = "Sherlog.Tests", "tests\Sherlog.Tests\Sherlog.Tests.csproj", "{DC32B1D6-8292-47DC-9900-B33EA52C01C6}"
EndProject
Project("{9A19103F-16F7-4668-BE54-9A1E7A4F7556}") = "Sherlog.Formatters.Tests", "tests\Sherlog.Formatters.Tests\Sherlog.Formatters.Tests.csproj", "{834C76D3-F2AC-4281-98F1-CCB8EB6B3D2D}"
EndProject
Project("{2150E333-8FDC-42A3-9474-1A3956D46DE8}") = "Samples", "Samples", "{12018E82-628D-4740-8423-E7FE68B66F4E}"
EndProject
Project("{9A19103F-16F7-4668-BE54-9A1E7A4F7556}") = "SherlogSamples", "samples\SherlogSamples\SherlogSamples.csproj", "{3BC088FA-29B0-4E3B-9E74-22BD42066A2E}"
EndProject
Project("{9A19103F-16F7-4668-BE54-9A1E7A4F7556}") = "SherlogServer", "samples\SherlogServer\SherlogServer.csproj", "{26D57F7D-E90E-4EE8-BB17-5AE62458E8BD}"
EndProject
Project("{9A19103F-16F7-4668-BE54-9A1E7A4F7556}") = "LLog", "LLog\LLog.csproj", "{09AE545D-62AC-4BB1-908D-6921B7170235}"
EndProject
Project("{9A19103F-16F7-4668-BE54-9A1E7A4F7556}") = "Sherlog.Appenders", "src\Sherlog.Appenders\Sherlog.Appenders.csproj", "{A6826550-9A86-4C49-9D23-8DD57AB1A35E}"
EndProject
Project("{9A19103F-16F7-4668-BE54-9A1E7A4F7556}") = "Sherlog.Formatters", "src\Sherlog.Formatters\Sherlog.Formatters.csproj", "{6727528D-A235-4E07-9302-8E10BED0F267}"
EndProject
Project("{FAE04EC0-301F-11D3-BF4B-00C04F79EFBC}") = "TCPeasy", "TCPeasy\TCPeasy.csproj", "{BE3B7E1A-03EF-4672-A186-C0D0C6D6C88B}"
EndProject
Global
	GlobalSection(SolutionConfigurationPlatforms) = preSolution
		Debug|Any CPU = Debug|Any CPU
		Release|Any CPU = Release|Any CPU
	EndGlobalSection
	GlobalSection(ProjectConfigurationPlatforms) = postSolution
		{5E53385B-6709-4DE3-BD63-44C7C6506189}.Debug|Any CPU.ActiveCfg = Debug|Any CPU
		{5E53385B-6709-4DE3-BD63-44C7C6506189}.Debug|Any CPU.Build.0 = Debug|Any CPU
		{5E53385B-6709-4DE3-BD63-44C7C6506189}.Release|Any CPU.ActiveCfg = Release|Any CPU
		{5E53385B-6709-4DE3-BD63-44C7C6506189}.Release|Any CPU.Build.0 = Release|Any CPU
		{DC32B1D6-8292-47DC-9900-B33EA52C01C6}.Debug|Any CPU.ActiveCfg = Debug|Any CPU
		{DC32B1D6-8292-47DC-9900-B33EA52C01C6}.Debug|Any CPU.Build.0 = Debug|Any CPU
		{DC32B1D6-8292-47DC-9900-B33EA52C01C6}.Release|Any CPU.ActiveCfg = Release|Any CPU
		{DC32B1D6-8292-47DC-9900-B33EA52C01C6}.Release|Any CPU.Build.0 = Release|Any CPU
		{834C76D3-F2AC-4281-98F1-CCB8EB6B3D2D}.Debug|Any CPU.ActiveCfg = Debug|Any CPU
		{834C76D3-F2AC-4281-98F1-CCB8EB6B3D2D}.Debug|Any CPU.Build.0 = Debug|Any CPU
		{834C76D3-F2AC-4281-98F1-CCB8EB6B3D2D}.Release|Any CPU.ActiveCfg = Release|Any CPU
		{834C76D3-F2AC-4281-98F1-CCB8EB6B3D2D}.Release|Any CPU.Build.0 = Release|Any CPU
		{3BC088FA-29B0-4E3B-9E74-22BD42066A2E}.Debug|Any CPU.ActiveCfg = Debug|Any CPU
		{3BC088FA-29B0-4E3B-9E74-22BD42066A2E}.Debug|Any CPU.Build.0 = Debug|Any CPU
		{3BC088FA-29B0-4E3B-9E74-22BD42066A2E}.Release|Any CPU.ActiveCfg = Release|Any CPU
		{3BC088FA-29B0-4E3B-9E74-22BD42066A2E}.Release|Any CPU.Build.0 = Release|Any CPU
		{26D57F7D-E90E-4EE8-BB17-5AE62458E8BD}.Debug|Any CPU.ActiveCfg = Debug|Any CPU
		{26D57F7D-E90E-4EE8-BB17-5AE62458E8BD}.Debug|Any CPU.Build.0 = Debug|Any CPU
		{26D57F7D-E90E-4EE8-BB17-5AE62458E8BD}.Release|Any CPU.ActiveCfg = Release|Any CPU
		{26D57F7D-E90E-4EE8-BB17-5AE62458E8BD}.Release|Any CPU.Build.0 = Release|Any CPU
		{09AE545D-62AC-4BB1-908D-6921B7170235}.Debug|Any CPU.ActiveCfg = Debug|Any CPU
		{09AE545D-62AC-4BB1-908D-6921B7170235}.Debug|Any CPU.Build.0 = Debug|Any CPU
		{09AE545D-62AC-4BB1-908D-6921B7170235}.Release|Any CPU.ActiveCfg = Release|Any CPU
		{09AE545D-62AC-4BB1-908D-6921B7170235}.Release|Any CPU.Build.0 = Release|Any CPU
		{A6826550-9A86-4C49-9D23-8DD57AB1A35E}.Debug|Any CPU.ActiveCfg = Debug|Any CPU
		{A6826550-9A86-4C49-9D23-8DD57AB1A35E}.Debug|Any CPU.Build.0 = Debug|Any CPU
		{A6826550-9A86-4C49-9D23-8DD57AB1A35E}.Release|Any CPU.ActiveCfg = Release|Any CPU
		{A6826550-9A86-4C49-9D23-8DD57AB1A35E}.Release|Any CPU.Build.0 = Release|Any CPU
		{6727528D-A235-4E07-9302-8E10BED0F267}.Debug|Any CPU.ActiveCfg = Debug|Any CPU
		{6727528D-A235-4E07-9302-8E10BED0F267}.Debug|Any CPU.Build.0 = Debug|Any CPU
		{6727528D-A235-4E07-9302-8E10BED0F267}.Release|Any CPU.ActiveCfg = Release|Any CPU
		{6727528D-A235-4E07-9302-8E10BED0F267}.Release|Any CPU.Build.0 = Release|Any CPU
		{BE3B7E1A-03EF-4672-A186-C0D0C6D6C88B}.Debug|Any CPU.ActiveCfg = Debug|Any CPU
		{BE3B7E1A-03EF-4672-A186-C0D0C6D6C88B}.Debug|Any CPU.Build.0 = Debug|Any CPU
		{BE3B7E1A-03EF-4672-A186-C0D0C6D6C88B}.Release|Any CPU.ActiveCfg = Release|Any CPU
		{BE3B7E1A-03EF-4672-A186-C0D0C6D6C88B}.Release|Any CPU.Build.0 = Release|Any CPU
	EndGlobalSection
	GlobalSection(SolutionProperties) = preSolution
		HideSolutionNode = FALSE
	EndGlobalSection
	GlobalSection(NestedProjects) = preSolution
		{5E53385B-6709-4DE3-BD63-44C7C6506189} = {5BAFDDD4-9388-4E43-8CBB-C648243AE78F}
		{DC32B1D6-8292-47DC-9900-B33EA52C01C6} = {5BAFDDD4-9388-4E43-8CBB-C648243AE78F}
		{834C76D3-F2AC-4281-98F1-CCB8EB6B3D2D} = {5BAFDDD4-9388-4E43-8CBB-C648243AE78F}
		{3BC088FA-29B0-4E3B-9E74-22BD42066A2E} = {12018E82-628D-4740-8423-E7FE68B66F4E}
		{26D57F7D-E90E-4EE8-BB17-5AE62458E8BD} = {12018E82-628D-4740-8423-E7FE68B66F4E}
		{A6826550-9A86-4C49-9D23-8DD57AB1A35E} = {5BAFDDD4-9388-4E43-8CBB-C648243AE78F}
		{6727528D-A235-4E07-9302-8E10BED0F267} = {5BAFDDD4-9388-4E43-8CBB-C648243AE78F}
		{BE3B7E1A-03EF-4672-A186-C0D0C6D6C88B} = {5BAFDDD4-9388-4E43-8CBB-C648243AE78F}
	EndGlobalSection
	GlobalSection(ExtensibilityGlobals) = postSolution
		SolutionGuid = {52B7CE2C-DEB4-494C-82DB-9B5C15B664C2}
	EndGlobalSection
EndGlobal
